// !$*UTF8*$!
{
	archiveVersion = 1;
	classes = {
	};
	objectVersion = 55;
	objects = {

/* Begin PBXBuildFile section */
		C04655A8287C9806000FD91D /* PopularCollectionViewCell.swift in Sources */ = {isa = PBXBuildFile; fileRef = C04655A7287C9806000FD91D /* PopularCollectionViewCell.swift */; };
		C04655AA287C9843000FD91D /* NowPlayingCollectionViewCell.swift in Sources */ = {isa = PBXBuildFile; fileRef = C04655A9287C9843000FD91D /* NowPlayingCollectionViewCell.swift */; };
		C04655AC287C9857000FD91D /* UpcomingCollectionViewCell.swift in Sources */ = {isa = PBXBuildFile; fileRef = C04655AB287C9857000FD91D /* UpcomingCollectionViewCell.swift */; };
		C04655B2287DEE48000FD91D /* Movie.swift in Sources */ = {isa = PBXBuildFile; fileRef = C04655B1287DEE48000FD91D /* Movie.swift */; };
		C04655C2287DF510000FD91D /* Movie+Upcoming.swift in Sources */ = {isa = PBXBuildFile; fileRef = C04655BD287DF510000FD91D /* Movie+Upcoming.swift */; };
		C04655C3287DF510000FD91D /* Movie+TrendingThisWeek.swift in Sources */ = {isa = PBXBuildFile; fileRef = C04655BE287DF510000FD91D /* Movie+TrendingThisWeek.swift */; };
		C04655C4287DF510000FD91D /* Movie+NowPlaying.swift in Sources */ = {isa = PBXBuildFile; fileRef = C04655BF287DF510000FD91D /* Movie+NowPlaying.swift */; };
		C04655C5287DF510000FD91D /* Movie+TrendingToday.swift in Sources */ = {isa = PBXBuildFile; fileRef = C04655C0287DF510000FD91D /* Movie+TrendingToday.swift */; };
		C04655C6287DF510000FD91D /* Movie+Popular.swift in Sources */ = {isa = PBXBuildFile; fileRef = C04655C1287DF510000FD91D /* Movie+Popular.swift */; };
		C04655C8287E1451000FD91D /* FeaturedViewController+UICollectionViewDataSource.swift in Sources */ = {isa = PBXBuildFile; fileRef = C04655C7287E1451000FD91D /* FeaturedViewController+UICollectionViewDataSource.swift */; };
		C0DC7F7D287F3F03000F52A7 /* DetailsViewController.swift in Sources */ = {isa = PBXBuildFile; fileRef = C0DC7F7C287F3F03000F52A7 /* DetailsViewController.swift */; };
		C0DC7F7F287F47E3000F52A7 /* FeaturedViewController+UICollectionViewDelegate.swift in Sources */ = {isa = PBXBuildFile; fileRef = C0DC7F7E287F47E3000F52A7 /* FeaturedViewController+UICollectionViewDelegate.swift */; };
		C0DC7F812881E7A3000F52A7 /* TMDB-Info.plist in Resources */ = {isa = PBXBuildFile; fileRef = C0DC7F802881E7A3000F52A7 /* TMDB-Info.plist */; };
		C0DC7F832881EC57000F52A7 /* Movie+API.swift in Sources */ = {isa = PBXBuildFile; fileRef = C0DC7F822881EC57000F52A7 /* Movie+API.swift */; };
		C0DC7F852881F8CD000F52A7 /* MoviesResponse.swift in Sources */ = {isa = PBXBuildFile; fileRef = C0DC7F842881F8CD000F52A7 /* MoviesResponse.swift */; };
		C0DC7F8728871F07000F52A7 /* MovieDetails.swift in Sources */ = {isa = PBXBuildFile; fileRef = C0DC7F8628871F07000F52A7 /* MovieDetails.swift */; };
		C0DC7F8B28872A7B000F52A7 /* PosterViewController.swift in Sources */ = {isa = PBXBuildFile; fileRef = C0DC7F8A28872A7B000F52A7 /* PosterViewController.swift */; };
		C0DC7F8D28874AD3000F52A7 /* TrendingViewController.swift in Sources */ = {isa = PBXBuildFile; fileRef = C0DC7F8C28874AD3000F52A7 /* TrendingViewController.swift */; };
		C0DC7F9128874FAB000F52A7 /* TrendingTableViewCell.swift in Sources */ = {isa = PBXBuildFile; fileRef = C0DC7F9028874FAB000F52A7 /* TrendingTableViewCell.swift */; };
		C0DC7F932887808B000F52A7 /* SeeAllTableViewCell.swift in Sources */ = {isa = PBXBuildFile; fileRef = C0DC7F922887808B000F52A7 /* SeeAllTableViewCell.swift */; };
		C0E2B95528737E400022638C /* AppDelegate.swift in Sources */ = {isa = PBXBuildFile; fileRef = C0E2B95428737E400022638C /* AppDelegate.swift */; };
		C0E2B95728737E400022638C /* SceneDelegate.swift in Sources */ = {isa = PBXBuildFile; fileRef = C0E2B95628737E400022638C /* SceneDelegate.swift */; };
		C0E2B95928737E400022638C /* FeaturedViewController.swift in Sources */ = {isa = PBXBuildFile; fileRef = C0E2B95828737E400022638C /* FeaturedViewController.swift */; };
		C0E2B95C28737E400022638C /* Main.storyboard in Resources */ = {isa = PBXBuildFile; fileRef = C0E2B95A28737E400022638C /* Main.storyboard */; };
		C0E2B95E28737E410022638C /* Assets.xcassets in Resources */ = {isa = PBXBuildFile; fileRef = C0E2B95D28737E410022638C /* Assets.xcassets */; };
		C0E2B96128737E410022638C /* LaunchScreen.storyboard in Resources */ = {isa = PBXBuildFile; fileRef = C0E2B95F28737E410022638C /* LaunchScreen.storyboard */; };
/* End PBXBuildFile section */

/* Begin PBXFileReference section */
		C04655A7287C9806000FD91D /* PopularCollectionViewCell.swift */ = {isa = PBXFileReference; lastKnownFileType = sourcecode.swift; path = PopularCollectionViewCell.swift; sourceTree = "<group>"; };
		C04655A9287C9843000FD91D /* NowPlayingCollectionViewCell.swift */ = {isa = PBXFileReference; lastKnownFileType = sourcecode.swift; path = NowPlayingCollectionViewCell.swift; sourceTree = "<group>"; };
		C04655AB287C9857000FD91D /* UpcomingCollectionViewCell.swift */ = {isa = PBXFileReference; lastKnownFileType = sourcecode.swift; path = UpcomingCollectionViewCell.swift; sourceTree = "<group>"; };
		C04655B1287DEE48000FD91D /* Movie.swift */ = {isa = PBXFileReference; lastKnownFileType = sourcecode.swift; path = Movie.swift; sourceTree = "<group>"; };
		C04655BD287DF510000FD91D /* Movie+Upcoming.swift */ = {isa = PBXFileReference; fileEncoding = 4; lastKnownFileType = sourcecode.swift; path = "Movie+Upcoming.swift"; sourceTree = "<group>"; };
		C04655BE287DF510000FD91D /* Movie+TrendingThisWeek.swift */ = {isa = PBXFileReference; fileEncoding = 4; lastKnownFileType = sourcecode.swift; path = "Movie+TrendingThisWeek.swift"; sourceTree = "<group>"; };
		C04655BF287DF510000FD91D /* Movie+NowPlaying.swift */ = {isa = PBXFileReference; fileEncoding = 4; lastKnownFileType = sourcecode.swift; path = "Movie+NowPlaying.swift"; sourceTree = "<group>"; };
		C04655C0287DF510000FD91D /* Movie+TrendingToday.swift */ = {isa = PBXFileReference; fileEncoding = 4; lastKnownFileType = sourcecode.swift; path = "Movie+TrendingToday.swift"; sourceTree = "<group>"; };
		C04655C1287DF510000FD91D /* Movie+Popular.swift */ = {isa = PBXFileReference; fileEncoding = 4; lastKnownFileType = sourcecode.swift; path = "Movie+Popular.swift"; sourceTree = "<group>"; };
		C04655C7287E1451000FD91D /* FeaturedViewController+UICollectionViewDataSource.swift */ = {isa = PBXFileReference; lastKnownFileType = sourcecode.swift; path = "FeaturedViewController+UICollectionViewDataSource.swift"; sourceTree = "<group>"; };
		C0DC7F7C287F3F03000F52A7 /* DetailsViewController.swift */ = {isa = PBXFileReference; lastKnownFileType = sourcecode.swift; path = DetailsViewController.swift; sourceTree = "<group>"; };
		C0DC7F7E287F47E3000F52A7 /* FeaturedViewController+UICollectionViewDelegate.swift */ = {isa = PBXFileReference; lastKnownFileType = sourcecode.swift; path = "FeaturedViewController+UICollectionViewDelegate.swift"; sourceTree = "<group>"; };
		C0DC7F802881E7A3000F52A7 /* TMDB-Info.plist */ = {isa = PBXFileReference; lastKnownFileType = text.plist.xml; path = "TMDB-Info.plist"; sourceTree = "<group>"; };
		C0DC7F822881EC57000F52A7 /* Movie+API.swift */ = {isa = PBXFileReference; fileEncoding = 4; lastKnownFileType = sourcecode.swift; path = "Movie+API.swift"; sourceTree = "<group>"; };
		C0DC7F842881F8CD000F52A7 /* MoviesResponse.swift */ = {isa = PBXFileReference; lastKnownFileType = sourcecode.swift; path = MoviesResponse.swift; sourceTree = "<group>"; };
		C0DC7F8628871F07000F52A7 /* MovieDetails.swift */ = {isa = PBXFileReference; lastKnownFileType = sourcecode.swift; path = MovieDetails.swift; sourceTree = "<group>"; };
		C0DC7F8A28872A7B000F52A7 /* PosterViewController.swift */ = {isa = PBXFileReference; lastKnownFileType = sourcecode.swift; path = PosterViewController.swift; sourceTree = "<group>"; };
		C0DC7F8C28874AD3000F52A7 /* TrendingViewController.swift */ = {isa = PBXFileReference; lastKnownFileType = sourcecode.swift; path = TrendingViewController.swift; sourceTree = "<group>"; };
		C0DC7F9028874FAB000F52A7 /* TrendingTableViewCell.swift */ = {isa = PBXFileReference; lastKnownFileType = sourcecode.swift; path = TrendingTableViewCell.swift; sourceTree = "<group>"; };
		C0DC7F922887808B000F52A7 /* SeeAllTableViewCell.swift */ = {isa = PBXFileReference; lastKnownFileType = sourcecode.swift; path = SeeAllTableViewCell.swift; sourceTree = "<group>"; };
		C0E2B95128737E400022638C /* Ticket to Watch.app */ = {isa = PBXFileReference; explicitFileType = wrapper.application; includeInIndex = 0; path = "Ticket to Watch.app"; sourceTree = BUILT_PRODUCTS_DIR; };
		C0E2B95428737E400022638C /* AppDelegate.swift */ = {isa = PBXFileReference; lastKnownFileType = sourcecode.swift; path = AppDelegate.swift; sourceTree = "<group>"; };
		C0E2B95628737E400022638C /* SceneDelegate.swift */ = {isa = PBXFileReference; lastKnownFileType = sourcecode.swift; path = SceneDelegate.swift; sourceTree = "<group>"; };
		C0E2B95828737E400022638C /* FeaturedViewController.swift */ = {isa = PBXFileReference; lastKnownFileType = sourcecode.swift; path = FeaturedViewController.swift; sourceTree = "<group>"; };
		C0E2B95B28737E400022638C /* Base */ = {isa = PBXFileReference; lastKnownFileType = file.storyboard; name = Base; path = Base.lproj/Main.storyboard; sourceTree = "<group>"; };
		C0E2B95D28737E410022638C /* Assets.xcassets */ = {isa = PBXFileReference; lastKnownFileType = folder.assetcatalog; path = Assets.xcassets; sourceTree = "<group>"; };
		C0E2B96028737E410022638C /* Base */ = {isa = PBXFileReference; lastKnownFileType = file.storyboard; name = Base; path = Base.lproj/LaunchScreen.storyboard; sourceTree = "<group>"; };
		C0E2B96228737E410022638C /* Info.plist */ = {isa = PBXFileReference; lastKnownFileType = text.plist.xml; path = Info.plist; sourceTree = "<group>"; };
/* End PBXFileReference section */

/* Begin PBXFrameworksBuildPhase section */
		C0E2B94E28737E400022638C /* Frameworks */ = {
			isa = PBXFrameworksBuildPhase;
			buildActionMask = 2147483647;
			files = (
			);
			runOnlyForDeploymentPostprocessing = 0;
		};
/* End PBXFrameworksBuildPhase section */

/* Begin PBXGroup section */
		C04655AD287C9986000FD91D /* Controllers */ = {
			isa = PBXGroup;
			children = (
				C0DC7F7C287F3F03000F52A7 /* DetailsViewController.swift */,
				C0E2B95828737E400022638C /* FeaturedViewController.swift */,
				C04655C7287E1451000FD91D /* FeaturedViewController+UICollectionViewDataSource.swift */,
				C0DC7F7E287F47E3000F52A7 /* FeaturedViewController+UICollectionViewDelegate.swift */,
				C0DC7F8A28872A7B000F52A7 /* PosterViewController.swift */,
				C0DC7F8C28874AD3000F52A7 /* TrendingViewController.swift */,
			);
			path = Controllers;
			sourceTree = "<group>";
		};
		C04655AE287C99C7000FD91D /* View */ = {
			isa = PBXGroup;
			children = (
				C0E2B95A28737E400022638C /* Main.storyboard */,
				C0E2B95F28737E410022638C /* LaunchScreen.storyboard */,
				C04655A7287C9806000FD91D /* PopularCollectionViewCell.swift */,
				C04655AB287C9857000FD91D /* UpcomingCollectionViewCell.swift */,
				C04655A9287C9843000FD91D /* NowPlayingCollectionViewCell.swift */,
				C0DC7F9028874FAB000F52A7 /* TrendingTableViewCell.swift */,
				C0DC7F922887808B000F52A7 /* SeeAllTableViewCell.swift */,
			);
			path = View;
			sourceTree = "<group>";
		};
		C04655AF287C9E59000FD91D /* Supporting Files */ = {
			isa = PBXGroup;
			children = (
				C0E2B96228737E410022638C /* Info.plist */,
				C0E2B95D28737E410022638C /* Assets.xcassets */,
				C0DC7F802881E7A3000F52A7 /* TMDB-Info.plist */,
			);
			name = "Supporting Files";
			sourceTree = "<group>";
		};
		C04655B0287DEDF3000FD91D /* Model */ = {
			isa = PBXGroup;
			children = (
				C04655B1287DEE48000FD91D /* Movie.swift */,
				C0DC7F822881EC57000F52A7 /* Movie+API.swift */,
				C04655C1287DF510000FD91D /* Movie+Popular.swift */,
				C0DC7F842881F8CD000F52A7 /* MoviesResponse.swift */,
				C04655BD287DF510000FD91D /* Movie+Upcoming.swift */,
				C04655BF287DF510000FD91D /* Movie+NowPlaying.swift */,
				C04655C0287DF510000FD91D /* Movie+TrendingToday.swift */,
				C04655BE287DF510000FD91D /* Movie+TrendingThisWeek.swift */,
				C0DC7F8628871F07000F52A7 /* MovieDetails.swift */,
			);
			path = Model;
			sourceTree = "<group>";
		};
		C0E2B94828737E400022638C = {
			isa = PBXGroup;
			children = (
				C0E2B95328737E400022638C /* challenge-triunfo */,
				C0E2B95228737E400022638C /* Products */,
			);
			sourceTree = "<group>";
		};
		C0E2B95228737E400022638C /* Products */ = {
			isa = PBXGroup;
			children = (
				C0E2B95128737E400022638C /* Ticket to Watch.app */,
			);
			name = Products;
			sourceTree = "<group>";
		};
		C0E2B95328737E400022638C /* challenge-triunfo */ = {
			isa = PBXGroup;
			children = (
				C0E2B95428737E400022638C /* AppDelegate.swift */,
				C0E2B95628737E400022638C /* SceneDelegate.swift */,
				C04655B0287DEDF3000FD91D /* Model */,
				C04655AD287C9986000FD91D /* Controllers */,
				C04655AE287C99C7000FD91D /* View */,
				C04655AF287C9E59000FD91D /* Supporting Files */,
			);
			path = "challenge-triunfo";
			sourceTree = "<group>";
		};
/* End PBXGroup section */

/* Begin PBXNativeTarget section */
		C0E2B95028737E400022638C /* Ticket to Watch */ = {
			isa = PBXNativeTarget;
			buildConfigurationList = C0E2B96528737E410022638C /* Build configuration list for PBXNativeTarget "Ticket to Watch" */;
			buildPhases = (
				C0E2B94D28737E400022638C /* Sources */,
				C0E2B94E28737E400022638C /* Frameworks */,
				C0E2B94F28737E400022638C /* Resources */,
			);
			buildRules = (
			);
			dependencies = (
			);
			name = "Ticket to Watch";
			productName = "challenge-triunfo";
			productReference = C0E2B95128737E400022638C /* Ticket to Watch.app */;
			productType = "com.apple.product-type.application";
		};
/* End PBXNativeTarget section */

/* Begin PBXProject section */
		C0E2B94928737E400022638C /* Project object */ = {
			isa = PBXProject;
			attributes = {
				BuildIndependentTargetsInParallel = 1;
				LastSwiftUpdateCheck = 1340;
				LastUpgradeCheck = 1340;
				TargetAttributes = {
					C0E2B95028737E400022638C = {
						CreatedOnToolsVersion = 13.4.1;
					};
				};
			};
			buildConfigurationList = C0E2B94C28737E400022638C /* Build configuration list for PBXProject "Ticket to Watch" */;
			compatibilityVersion = "Xcode 13.0";
			developmentRegion = en;
			hasScannedForEncodings = 0;
			knownRegions = (
				en,
				Base,
			);
			mainGroup = C0E2B94828737E400022638C;
			productRefGroup = C0E2B95228737E400022638C /* Products */;
			projectDirPath = "";
			projectRoot = "";
			targets = (
				C0E2B95028737E400022638C /* Ticket to Watch */,
			);
		};
/* End PBXProject section */

/* Begin PBXResourcesBuildPhase section */
		C0E2B94F28737E400022638C /* Resources */ = {
			isa = PBXResourcesBuildPhase;
			buildActionMask = 2147483647;
			files = (
				C0E2B96128737E410022638C /* LaunchScreen.storyboard in Resources */,
				C0DC7F812881E7A3000F52A7 /* TMDB-Info.plist in Resources */,
				C0E2B95E28737E410022638C /* Assets.xcassets in Resources */,
				C0E2B95C28737E400022638C /* Main.storyboard in Resources */,
			);
			runOnlyForDeploymentPostprocessing = 0;
		};
/* End PBXResourcesBuildPhase section */

/* Begin PBXSourcesBuildPhase section */
		C0E2B94D28737E400022638C /* Sources */ = {
			isa = PBXSourcesBuildPhase;
			buildActionMask = 2147483647;
			files = (
				C04655B2287DEE48000FD91D /* Movie.swift in Sources */,
				C04655AC287C9857000FD91D /* UpcomingCollectionViewCell.swift in Sources */,
				C04655C5287DF510000FD91D /* Movie+TrendingToday.swift in Sources */,
				C04655AA287C9843000FD91D /* NowPlayingCollectionViewCell.swift in Sources */,
				C0DC7F8B28872A7B000F52A7 /* PosterViewController.swift in Sources */,
				C04655C8287E1451000FD91D /* FeaturedViewController+UICollectionViewDataSource.swift in Sources */,
				C04655C3287DF510000FD91D /* Movie+TrendingThisWeek.swift in Sources */,
				C04655A8287C9806000FD91D /* PopularCollectionViewCell.swift in Sources */,
				C04655C2287DF510000FD91D /* Movie+Upcoming.swift in Sources */,
				C04655C4287DF510000FD91D /* Movie+NowPlaying.swift in Sources */,
				C04655C6287DF510000FD91D /* Movie+Popular.swift in Sources */,
				C0E2B95928737E400022638C /* FeaturedViewController.swift in Sources */,
				C0DC7F7F287F47E3000F52A7 /* FeaturedViewController+UICollectionViewDelegate.swift in Sources */,
				C0DC7F7D287F3F03000F52A7 /* DetailsViewController.swift in Sources */,
				C0DC7F852881F8CD000F52A7 /* MoviesResponse.swift in Sources */,
				C0E2B95528737E400022638C /* AppDelegate.swift in Sources */,
				C0E2B95728737E400022638C /* SceneDelegate.swift in Sources */,
				C0DC7F9128874FAB000F52A7 /* TrendingTableViewCell.swift in Sources */,
				C0DC7F8D28874AD3000F52A7 /* TrendingViewController.swift in Sources */,
				C0DC7F832881EC57000F52A7 /* Movie+API.swift in Sources */,
				C0DC7F8728871F07000F52A7 /* MovieDetails.swift in Sources */,
				C0DC7F932887808B000F52A7 /* SeeAllTableViewCell.swift in Sources */,
			);
			runOnlyForDeploymentPostprocessing = 0;
		};
/* End PBXSourcesBuildPhase section */

/* Begin PBXVariantGroup section */
		C0E2B95A28737E400022638C /* Main.storyboard */ = {
			isa = PBXVariantGroup;
			children = (
				C0E2B95B28737E400022638C /* Base */,
			);
			name = Main.storyboard;
			sourceTree = "<group>";
		};
		C0E2B95F28737E410022638C /* LaunchScreen.storyboard */ = {
			isa = PBXVariantGroup;
			children = (
				C0E2B96028737E410022638C /* Base */,
			);
			name = LaunchScreen.storyboard;
			sourceTree = "<group>";
		};
/* End PBXVariantGroup section */

/* Begin XCBuildConfiguration section */
		C0E2B96328737E410022638C /* Debug */ = {
			isa = XCBuildConfiguration;
			buildSettings = {
				ALWAYS_SEARCH_USER_PATHS = NO;
				CLANG_ANALYZER_NONNULL = YES;
				CLANG_ANALYZER_NUMBER_OBJECT_CONVERSION = YES_AGGRESSIVE;
				CLANG_CXX_LANGUAGE_STANDARD = "gnu++17";
				CLANG_ENABLE_MODULES = YES;
				CLANG_ENABLE_OBJC_ARC = YES;
				CLANG_ENABLE_OBJC_WEAK = YES;
				CLANG_WARN_BLOCK_CAPTURE_AUTORELEASING = YES;
				CLANG_WARN_BOOL_CONVERSION = YES;
				CLANG_WARN_COMMA = YES;
				CLANG_WARN_CONSTANT_CONVERSION = YES;
				CLANG_WARN_DEPRECATED_OBJC_IMPLEMENTATIONS = YES;
				CLANG_WARN_DIRECT_OBJC_ISA_USAGE = YES_ERROR;
				CLANG_WARN_DOCUMENTATION_COMMENTS = YES;
				CLANG_WARN_EMPTY_BODY = YES;
				CLANG_WARN_ENUM_CONVERSION = YES;
				CLANG_WARN_INFINITE_RECURSION = YES;
				CLANG_WARN_INT_CONVERSION = YES;
				CLANG_WARN_NON_LITERAL_NULL_CONVERSION = YES;
				CLANG_WARN_OBJC_IMPLICIT_RETAIN_SELF = YES;
				CLANG_WARN_OBJC_LITERAL_CONVERSION = YES;
				CLANG_WARN_OBJC_ROOT_CLASS = YES_ERROR;
				CLANG_WARN_QUOTED_INCLUDE_IN_FRAMEWORK_HEADER = YES;
				CLANG_WARN_RANGE_LOOP_ANALYSIS = YES;
				CLANG_WARN_STRICT_PROTOTYPES = YES;
				CLANG_WARN_SUSPICIOUS_MOVE = YES;
				CLANG_WARN_UNGUARDED_AVAILABILITY = YES_AGGRESSIVE;
				CLANG_WARN_UNREACHABLE_CODE = YES;
				CLANG_WARN__DUPLICATE_METHOD_MATCH = YES;
				COPY_PHASE_STRIP = NO;
				DEBUG_INFORMATION_FORMAT = dwarf;
				ENABLE_STRICT_OBJC_MSGSEND = YES;
				ENABLE_TESTABILITY = YES;
				GCC_C_LANGUAGE_STANDARD = gnu11;
				GCC_DYNAMIC_NO_PIC = NO;
				GCC_NO_COMMON_BLOCKS = YES;
				GCC_OPTIMIZATION_LEVEL = 0;
				GCC_PREPROCESSOR_DEFINITIONS = (
					"DEBUG=1",
					"$(inherited)",
				);
				GCC_WARN_64_TO_32_BIT_CONVERSION = YES;
				GCC_WARN_ABOUT_RETURN_TYPE = YES_ERROR;
				GCC_WARN_UNDECLARED_SELECTOR = YES;
				GCC_WARN_UNINITIALIZED_AUTOS = YES_AGGRESSIVE;
				GCC_WARN_UNUSED_FUNCTION = YES;
				GCC_WARN_UNUSED_VARIABLE = YES;
				IPHONEOS_DEPLOYMENT_TARGET = 15.5;
				MTL_ENABLE_DEBUG_INFO = INCLUDE_SOURCE;
				MTL_FAST_MATH = YES;
				ONLY_ACTIVE_ARCH = YES;
				SDKROOT = iphoneos;
				SWIFT_ACTIVE_COMPILATION_CONDITIONS = DEBUG;
				SWIFT_OPTIMIZATION_LEVEL = "-Onone";
			};
			name = Debug;
		};
		C0E2B96428737E410022638C /* Release */ = {
			isa = XCBuildConfiguration;
			buildSettings = {
				ALWAYS_SEARCH_USER_PATHS = NO;
				CLANG_ANALYZER_NONNULL = YES;
				CLANG_ANALYZER_NUMBER_OBJECT_CONVERSION = YES_AGGRESSIVE;
				CLANG_CXX_LANGUAGE_STANDARD = "gnu++17";
				CLANG_ENABLE_MODULES = YES;
				CLANG_ENABLE_OBJC_ARC = YES;
				CLANG_ENABLE_OBJC_WEAK = YES;
				CLANG_WARN_BLOCK_CAPTURE_AUTORELEASING = YES;
				CLANG_WARN_BOOL_CONVERSION = YES;
				CLANG_WARN_COMMA = YES;
				CLANG_WARN_CONSTANT_CONVERSION = YES;
				CLANG_WARN_DEPRECATED_OBJC_IMPLEMENTATIONS = YES;
				CLANG_WARN_DIRECT_OBJC_ISA_USAGE = YES_ERROR;
				CLANG_WARN_DOCUMENTATION_COMMENTS = YES;
				CLANG_WARN_EMPTY_BODY = YES;
				CLANG_WARN_ENUM_CONVERSION = YES;
				CLANG_WARN_INFINITE_RECURSION = YES;
				CLANG_WARN_INT_CONVERSION = YES;
				CLANG_WARN_NON_LITERAL_NULL_CONVERSION = YES;
				CLANG_WARN_OBJC_IMPLICIT_RETAIN_SELF = YES;
				CLANG_WARN_OBJC_LITERAL_CONVERSION = YES;
				CLANG_WARN_OBJC_ROOT_CLASS = YES_ERROR;
				CLANG_WARN_QUOTED_INCLUDE_IN_FRAMEWORK_HEADER = YES;
				CLANG_WARN_RANGE_LOOP_ANALYSIS = YES;
				CLANG_WARN_STRICT_PROTOTYPES = YES;
				CLANG_WARN_SUSPICIOUS_MOVE = YES;
				CLANG_WARN_UNGUARDED_AVAILABILITY = YES_AGGRESSIVE;
				CLANG_WARN_UNREACHABLE_CODE = YES;
				CLANG_WARN__DUPLICATE_METHOD_MATCH = YES;
				COPY_PHASE_STRIP = NO;
				DEBUG_INFORMATION_FORMAT = "dwarf-with-dsym";
				ENABLE_NS_ASSERTIONS = NO;
				ENABLE_STRICT_OBJC_MSGSEND = YES;
				GCC_C_LANGUAGE_STANDARD = gnu11;
				GCC_NO_COMMON_BLOCKS = YES;
				GCC_WARN_64_TO_32_BIT_CONVERSION = YES;
				GCC_WARN_ABOUT_RETURN_TYPE = YES_ERROR;
				GCC_WARN_UNDECLARED_SELECTOR = YES;
				GCC_WARN_UNINITIALIZED_AUTOS = YES_AGGRESSIVE;
				GCC_WARN_UNUSED_FUNCTION = YES;
				GCC_WARN_UNUSED_VARIABLE = YES;
				IPHONEOS_DEPLOYMENT_TARGET = 15.5;
				MTL_ENABLE_DEBUG_INFO = NO;
				MTL_FAST_MATH = YES;
				SDKROOT = iphoneos;
				SWIFT_COMPILATION_MODE = wholemodule;
				SWIFT_OPTIMIZATION_LEVEL = "-O";
				VALIDATE_PRODUCT = YES;
			};
			name = Release;
		};
		C0E2B96628737E410022638C /* Debug */ = {
			isa = XCBuildConfiguration;
			buildSettings = {
				ASSETCATALOG_COMPILER_APPICON_NAME = AppIcon;
				ASSETCATALOG_COMPILER_GLOBAL_ACCENT_COLOR_NAME = AccentColor;
				CODE_SIGN_STYLE = Automatic;
				CURRENT_PROJECT_VERSION = 1;
				DEVELOPMENT_TEAM = Y587ZJ8Z8V;
				GENERATE_INFOPLIST_FILE = YES;
				INFOPLIST_FILE = "challenge-triunfo/Info.plist";
				INFOPLIST_KEY_CFBundleDisplayName = "Ticket to Watch";
				INFOPLIST_KEY_UIApplicationSupportsIndirectInputEvents = YES;
				INFOPLIST_KEY_UILaunchStoryboardName = LaunchScreen;
				INFOPLIST_KEY_UIMainStoryboardFile = Main;
				INFOPLIST_KEY_UISupportedInterfaceOrientations_iPad = "UIInterfaceOrientationPortrait UIInterfaceOrientationPortraitUpsideDown UIInterfaceOrientationLandscapeLeft UIInterfaceOrientationLandscapeRight";
				INFOPLIST_KEY_UISupportedInterfaceOrientations_iPhone = "UIInterfaceOrientationPortrait UIInterfaceOrientationLandscapeLeft UIInterfaceOrientationLandscapeRight";
				LD_RUNPATH_SEARCH_PATHS = (
					"$(inherited)",
					"@executable_path/Frameworks",
				);
				MARKETING_VERSION = 1.0;
				PRODUCT_BUNDLE_IDENTIFIER = "gms4.academy.challenge-triunfo";
				PRODUCT_NAME = "$(TARGET_NAME)";
				SWIFT_EMIT_LOC_STRINGS = YES;
				SWIFT_VERSION = 5.0;
				TARGETED_DEVICE_FAMILY = "1,2";
			};
			name = Debug;
		};
		C0E2B96728737E410022638C /* Release */ = {
			isa = XCBuildConfiguration;
			buildSettings = {
				ASSETCATALOG_COMPILER_APPICON_NAME = AppIcon;
				ASSETCATALOG_COMPILER_GLOBAL_ACCENT_COLOR_NAME = AccentColor;
				CODE_SIGN_STYLE = Automatic;
				CURRENT_PROJECT_VERSION = 1;
				DEVELOPMENT_TEAM = Y587ZJ8Z8V;
				GENERATE_INFOPLIST_FILE = YES;
				INFOPLIST_FILE = "challenge-triunfo/Info.plist";
				INFOPLIST_KEY_CFBundleDisplayName = "Ticket to Watch";
				INFOPLIST_KEY_UIApplicationSupportsIndirectInputEvents = YES;
				INFOPLIST_KEY_UILaunchStoryboardName = LaunchScreen;
				INFOPLIST_KEY_UIMainStoryboardFile = Main;
				INFOPLIST_KEY_UISupportedInterfaceOrientations_iPad = "UIInterfaceOrientationPortrait UIInterfaceOrientationPortraitUpsideDown UIInterfaceOrientationLandscapeLeft UIInterfaceOrientationLandscapeRight";
				INFOPLIST_KEY_UISupportedInterfaceOrientations_iPhone = "UIInterfaceOrientationPortrait UIInterfaceOrientationLandscapeLeft UIInterfaceOrientationLandscapeRight";
				LD_RUNPATH_SEARCH_PATHS = (
					"$(inherited)",
					"@executable_path/Frameworks",
				);
				MARKETING_VERSION = 1.0;
				PRODUCT_BUNDLE_IDENTIFIER = "gms4.academy.challenge-triunfo";
				PRODUCT_NAME = "$(TARGET_NAME)";
				SWIFT_EMIT_LOC_STRINGS = YES;
				SWIFT_VERSION = 5.0;
				TARGETED_DEVICE_FAMILY = "1,2";
			};
			name = Release;
		};
/* End XCBuildConfiguration section */

/* Begin XCConfigurationList section */
		C0E2B94C28737E400022638C /* Build configuration list for PBXProject "Ticket to Watch" */ = {
			isa = XCConfigurationList;
			buildConfigurations = (
				C0E2B96328737E410022638C /* Debug */,
				C0E2B96428737E410022638C /* Release */,
			);
			defaultConfigurationIsVisible = 0;
			defaultConfigurationName = Release;
		};
		C0E2B96528737E410022638C /* Build configuration list for PBXNativeTarget "Ticket to Watch" */ = {
			isa = XCConfigurationList;
			buildConfigurations = (
				C0E2B96628737E410022638C /* Debug */,
				C0E2B96728737E410022638C /* Release */,
			);
			defaultConfigurationIsVisible = 0;
			defaultConfigurationName = Release;
		};
/* End XCConfigurationList section */
	};
	rootObject = C0E2B94928737E400022638C /* Project object */;
}
